{
  "name": "openai-quickstart-node",
  "version": "0.1.0",
  "lockfileVersion": 1,
  "requires": true,
  "dependencies": {
    "@next/env": {
      "version": "13.1.1",
      "resolved": "https://registry.npmjs.org/@next/env/-/env-13.1.1.tgz",
      "integrity": "sha512-vFMyXtPjSAiOXOywMojxfKIqE3VWN5RCAx+tT3AS3pcKjMLFTCJFUWsKv8hC+87Z1F4W3r68qTwDFZIFmd5Xkw=="
    },
    "@next/swc-android-arm-eabi": {
      "version": "13.1.1",
      "resolved": "https://registry.npmjs.org/@next/swc-android-arm-eabi/-/swc-android-arm-eabi-13.1.1.tgz",
      "integrity": "sha512-qnFCx1kT3JTWhWve4VkeWuZiyjG0b5T6J2iWuin74lORCupdrNukxkq9Pm+Z7PsatxuwVJMhjUoYz7H4cWzx2A==",
      "optional": true
    },
    "@next/swc-android-arm64": {
      "version": "13.1.1",
      "resolved": "https://registry.npmjs.org/@next/swc-android-arm64/-/swc-android-arm64-13.1.1.tgz",
      "integrity": "sha512-eCiZhTzjySubNqUnNkQCjU3Fh+ep3C6b5DCM5FKzsTH/3Gr/4Y7EiaPZKILbvnXmhWtKPIdcY6Zjx51t4VeTfA==",
      "optional": true
    },
    "@next/swc-darwin-arm64": {
      "version": "13.1.1",
      "resolved": "https://registry.npmjs.org/@next/swc-darwin-arm64/-/swc-darwin-arm64-13.1.1.tgz",
      "integrity": "sha512-9zRJSSIwER5tu9ADDkPw5rIZ+Np44HTXpYMr0rkM656IvssowPxmhK0rTreC1gpUCYwFsRbxarUJnJsTWiutPg==",
      "optional": true
    },
    "@next/swc-darwin-x64": {
      "version": "13.1.1",
      "resolved": "https://registry.npmjs.org/@next/swc-darwin-x64/-/swc-darwin-x64-13.1.1.tgz",
      "integrity": "sha512-qWr9qEn5nrnlhB0rtjSdR00RRZEtxg4EGvicIipqZWEyayPxhUu6NwKiG8wZiYZCLfJ5KWr66PGSNeDMGlNaiA==",
      "optional": true
    },
    "@next/swc-freebsd-x64": {
      "version": "13.1.1",
      "resolved": "https://registry.npmjs.org/@next/swc-freebsd-x64/-/swc-freebsd-x64-13.1.1.tgz",
      "integrity": "sha512-UwP4w/NcQ7V/VJEj3tGVszgb4pyUCt3lzJfUhjDMUmQbzG9LDvgiZgAGMYH6L21MoyAATJQPDGiAMWAPKsmumA==",
      "optional": true
    },
    "@next/swc-linux-arm-gnueabihf": {
      "version": "13.1.1",
      "resolved": "https://registry.npmjs.org/@next/swc-linux-arm-gnueabihf/-/swc-linux-arm-gnueabihf-13.1.1.tgz",
      "integrity": "sha512-CnsxmKHco9sosBs1XcvCXP845Db+Wx1G0qouV5+Gr+HT/ZlDYEWKoHVDgnJXLVEQzq4FmHddBNGbXvgqM1Gfkg==",
      "optional": true
    },
    "@next/swc-linux-arm64-gnu": {
      "version": "13.1.1",
      "resolved": "https://registry.npmjs.org/@next/swc-linux-arm64-gnu/-/swc-linux-arm64-gnu-13.1.1.tgz",
      "integrity": "sha512-JfDq1eri5Dif+VDpTkONRd083780nsMCOKoFG87wA0sa4xL8LGcXIBAkUGIC1uVy9SMsr2scA9CySLD/i+Oqiw==",
      "optional": true
    },
    "@next/swc-linux-arm64-musl": {
      "version": "13.1.1",
      "resolved": "https://registry.npmjs.org/@next/swc-linux-arm64-musl/-/swc-linux-arm64-musl-13.1.1.tgz",
      "integrity": "sha512-GA67ZbDq2AW0CY07zzGt07M5b5Yaq5qUpFIoW3UFfjOPgb0Sqf3DAW7GtFMK1sF4ROHsRDMGQ9rnT0VM2dVfKA==",
      "optional": true
    },
    "@next/swc-linux-x64-gnu": {
      "version": "13.1.1",
      "resolved": "https://registry.npmjs.org/@next/swc-linux-x64-gnu/-/swc-linux-x64-gnu-13.1.1.tgz",
      "integrity": "sha512-nnjuBrbzvqaOJaV+XgT8/+lmXrSCOt1YYZn/irbDb2fR2QprL6Q7WJNgwsZNxiLSfLdv+2RJGGegBx9sLBEzGA==",
      "optional": true
    },
    "@next/swc-linux-x64-musl": {
      "version": "13.1.1",
      "resolved": "https://registry.npmjs.org/@next/swc-linux-x64-musl/-/swc-linux-x64-musl-13.1.1.tgz",
      "integrity": "sha512-CM9xnAQNIZ8zf/igbIT/i3xWbQZYaF397H+JroF5VMOCUleElaMdQLL5riJml8wUfPoN3dtfn2s4peSr3azz/g==",
      "optional": true
    },
    "@next/swc-win32-arm64-msvc": {
      "version": "13.1.1",
      "resolved": "https://registry.npmjs.org/@next/swc-win32-arm64-msvc/-/swc-win32-arm64-msvc-13.1.1.tgz",
      "integrity": "sha512-pzUHOGrbgfGgPlOMx9xk3QdPJoRPU+om84hqVoe6u+E0RdwOG0Ho/2UxCgDqmvpUrMab1Deltlt6RqcXFpnigQ==",
      "optional": true
    },
    "@next/swc-win32-ia32-msvc": {
      "version": "13.1.1",
      "resolved": "https://registry.npmjs.org/@next/swc-win32-ia32-msvc/-/swc-win32-ia32-msvc-13.1.1.tgz",
      "integrity": "sha512-WeX8kVS46aobM9a7Xr/kEPcrTyiwJqQv/tbw6nhJ4fH9xNZ+cEcyPoQkwPo570dCOLz3Zo9S2q0E6lJ/EAUOBg==",
      "optional": true
    },
    "@next/swc-win32-x64-msvc": {
      "version": "13.1.1",
      "resolved": "https://registry.npmjs.org/@next/swc-win32-x64-msvc/-/swc-win32-x64-msvc-13.1.1.tgz",
      "integrity": "sha512-mVF0/3/5QAc5EGVnb8ll31nNvf3BWpPY4pBb84tk+BfQglWLqc5AC9q1Ht/YMWiEgs8ALNKEQ3GQnbY0bJF2Gg==",
      "optional": true
    },
    "@swc/helpers": {
      "version": "0.4.14",
      "resolved": "https://registry.npmjs.org/@swc/helpers/-/helpers-0.4.14.tgz",
      "integrity": "sha512-4C7nX/dvpzB7za4Ql9K81xK3HPxCpHMgwTZVyf+9JQ6VUbn9jjZVN7/Nkdz/Ugzs2CSjqnL/UPXroiVBVHUWUw==",
      "requires": {
        "tslib": "^2.4.0"
      }
    },
    "asynckit": {
      "version": "0.4.0",
      "resolved": "https://registry.npmjs.org/asynckit/-/asynckit-0.4.0.tgz",
      "integrity": "sha512-Oei9OH4tRh0YqU3GxhX79dM/mwVgvbZJaSNaRk+bshkj0S5cfHcgYakreBjrHwatXKbz+IoIdYLxrKim2MjW0Q=="
    },
    "axios": {
      "version": "0.26.1",
      "resolved": "https://registry.npmjs.org/axios/-/axios-0.26.1.tgz",
      "integrity": "sha512-fPwcX4EvnSHuInCMItEhAGnaSEXRBjtzh9fOtsE6E1G6p7vl7edEeZe11QHf18+6+9gR5PbKV/sGKNaD8YaMeA==",
      "requires": {
        "follow-redirects": "^1.14.8"
      }
    },
    "caniuse-lite": {
      "version": "1.0.30001441",
      "resolved": "https://registry.npmjs.org/caniuse-lite/-/caniuse-lite-1.0.30001441.tgz",
      "integrity": "sha512-OyxRR4Vof59I3yGWXws6i908EtGbMzVUi3ganaZQHmydk1iwDhRnvaPG2WaR0KcqrDFKrxVZHULT396LEPhXfg=="
    },
    "client-only": {
      "version": "0.0.1",
      "resolved": "https://registry.npmjs.org/client-only/-/client-only-0.0.1.tgz",
      "integrity": "sha512-IV3Ou0jSMzZrd3pZ48nLkT9DA7Ag1pnPzaiQhpW7c3RbcqqzvzzVu+L8gfqMp/8IM2MQtSiqaCxrrcfu8I8rMA=="
    },
    "combined-stream": {
      "version": "1.0.8",
      "resolved": "https://registry.npmjs.org/combined-stream/-/combined-stream-1.0.8.tgz",
      "integrity": "sha512-FQN4MRfuJeHf7cBbBMJFXhKSDq+2kAArBlmRBvcvFE5BB1HZKXtSFASDhdlz9zOYwxh8lDdnvmMOe/+5cdoEdg==",
      "requires": {
        "delayed-stream": "~1.0.0"
      }
    },
    "delayed-stream": {
      "version": "1.0.0",
      "resolved": "https://registry.npmjs.org/delayed-stream/-/delayed-stream-1.0.0.tgz",
      "integrity": "sha512-ZySD7Nf91aLB0RxL4KGrKHBXl7Eds1DAmEdcoVawXnLD7SDhpNgtuII2aAkg7a7QS41jxPSZ17p4VdGnMHk3MQ=="
    },
    "fast-deep-equal": {
      "version": "3.1.3",
      "resolved": "https://registry.npmjs.org/fast-deep-equal/-/fast-deep-equal-3.1.3.tgz",
      "integrity": "sha512-f3qQ9oQy9j2AhBe/H9VC91wLmKBCCU/gDOnKNAYG5hswO7BLKj09Hc5HYNz9cGI++xlpDCIgDaitVs03ATR84Q=="
    },
    "follow-redirects": {
      "version": "1.15.1",
      "resolved": "https://registry.npmjs.org/follow-redirects/-/follow-redirects-1.15.1.tgz",
      "integrity": "sha512-yLAMQs+k0b2m7cVxpS1VKJVvoz7SS9Td1zss3XRwXj+ZDH00RJgnuLx7E44wx02kQLrdM3aOOy+FpzS7+8OizA=="
    },
    "form-data": {
      "version": "4.0.0",
      "resolved": "https://registry.npmjs.org/form-data/-/form-data-4.0.0.tgz",
      "integrity": "sha512-ETEklSGi5t0QMZuiXoA/Q6vcnxcLQP5vdugSpuAyi6SVGi2clPPp+xgEhuMaHC+zGgn31Kd235W35f7Hykkaww==",
      "requires": {
        "asynckit": "^0.4.0",
        "combined-stream": "^1.0.8",
        "mime-types": "^2.1.12"
      }
    },
    "js-tokens": {
      "version": "4.0.0",
      "resolved": "https://registry.npmjs.org/js-tokens/-/js-tokens-4.0.0.tgz",
      "integrity": "sha512-RdJUflcE3cUzKiMqQgsCu06FPu9UdIJO0beYbPhHN4k6apgJtifcoCtT9bcxOpYBtpD2kCM6Sbzg4CausW/PKQ=="
    },
    "loose-envify": {
      "version": "1.4.0",
      "resolved": "https://registry.npmjs.org/loose-envify/-/loose-envify-1.4.0.tgz",
      "integrity": "sha512-lyuxPGr/Wfhrlem2CL/UcnUc1zcqKAImBDzukY7Y5F/yQiNdko6+fRLevlw1HgMySw7f611UIY408EtxRSoK3Q==",
      "requires": {
        "js-tokens": "^3.0.0 || ^4.0.0"
      }
    },
    "mime-db": {
      "version": "1.52.0",
      "resolved": "https://registry.npmjs.org/mime-db/-/mime-db-1.52.0.tgz",
      "integrity": "sha512-sPU4uV7dYlvtWJxwwxHD0PuihVNiE7TyAbQ5SWxDCB9mUYvOgroQOwYQQOKPJ8CIbE+1ETVlOoK1UC2nU3gYvg=="
    },
    "mime-types": {
      "version": "2.1.35",
      "resolved": "https://registry.npmjs.org/mime-types/-/mime-types-2.1.35.tgz",
      "integrity": "sha512-ZDY+bPm5zTTF+YpCrAU9nK0UgICYPT0QtT1NZWFv4s++TNkcgVaT0g6+4R2uI4MjQjzysHB1zxuWL50hzaeXiw==",
      "requires": {
        "mime-db": "1.52.0"
      }
    },
    "nanoid": {
      "version": "3.3.4",
      "resolved": "https://registry.npmjs.org/nanoid/-/nanoid-3.3.4.tgz",
      "integrity": "sha512-MqBkQh/OHTS2egovRtLk45wEyNXwF+cokD+1YPf9u5VfJiRdAiRwB2froX5Co9Rh20xs4siNPm8naNotSD6RBw=="
    },
    "next": {
      "version": "13.1.1",
      "resolved": "https://registry.npmjs.org/next/-/next-13.1.1.tgz",
      "integrity": "sha512-R5eBAaIa3X7LJeYvv1bMdGnAVF4fVToEjim7MkflceFPuANY3YyvFxXee/A+acrSYwYPvOvf7f6v/BM/48ea5w==",
      "requires": {
        "@next/env": "13.1.1",
        "@next/swc-android-arm-eabi": "13.1.1",
        "@next/swc-android-arm64": "13.1.1",
        "@next/swc-darwin-arm64": "13.1.1",
        "@next/swc-darwin-x64": "13.1.1",
        "@next/swc-freebsd-x64": "13.1.1",
        "@next/swc-linux-arm-gnueabihf": "13.1.1",
        "@next/swc-linux-arm64-gnu": "13.1.1",
        "@next/swc-linux-arm64-musl": "13.1.1",
        "@next/swc-linux-x64-gnu": "13.1.1",
        "@next/swc-linux-x64-musl": "13.1.1",
        "@next/swc-win32-arm64-msvc": "13.1.1",
        "@next/swc-win32-ia32-msvc": "13.1.1",
        "@next/swc-win32-x64-msvc": "13.1.1",
        "@swc/helpers": "0.4.14",
        "caniuse-lite": "^1.0.30001406",
        "postcss": "8.4.14",
        "styled-jsx": "5.1.1"
      }
    },
    "openai": {
      "version": "3.1.0",
      "resolved": "https://registry.npmjs.org/openai/-/openai-3.1.0.tgz",
      "integrity": "sha512-v5kKFH5o+8ld+t0arudj833Mgm3GcgBnbyN9946bj6u7bvel4Yg6YFz2A4HLIYDzmMjIo0s6vSG9x73kOwvdCg==",
      "requires": {
        "axios": "^0.26.0",
        "form-data": "^4.0.0"
      }
    },
    "picocolors": {
      "version": "1.0.0",
      "resolved": "https://registry.npmjs.org/picocolors/-/picocolors-1.0.0.tgz",
      "integrity": "sha512-1fygroTLlHu66zi26VoTDv8yRgm0Fccecssto+MhsZ0D/DGW2sm8E8AjW7NU5VVTRt5GxbeZ5qBuJr+HyLYkjQ=="
    },
    "postcss": {
      "version": "8.4.14",
      "resolved": "https://registry.npmjs.org/postcss/-/postcss-8.4.14.tgz",
      "integrity": "sha512-E398TUmfAYFPBSdzgeieK2Y1+1cpdxJx8yXbK/m57nRhKSmk1GB2tO4lbLBtlkfPQTDKfe4Xqv1ASWPpayPEig==",
      "requires": {
        "nanoid": "^3.3.4",
        "picocolors": "^1.0.0",
        "source-map-js": "^1.0.2"
      }
    },
    "react": {
      "version": "18.2.0",
      "resolved": "https://registry.npmjs.org/react/-/react-18.2.0.tgz",
      "integrity": "sha512-/3IjMdb2L9QbBdWiW5e3P2/npwMBaU9mHCSCUzNln0ZCYbcfTsGbTJrU/kGemdH2IWmB2ioZ+zkxtmq6g09fGQ==",
      "requires": {
        "loose-envify": "^1.1.0"
      }
    },
    "react-dom": {
      "version": "18.2.0",
      "resolved": "https://registry.npmjs.org/react-dom/-/react-dom-18.2.0.tgz",
      "integrity": "sha512-6IMTriUmvsjHUjNtEDudZfuDQUoWXVxKHhlEGSk81n4YFS+r/Kl99wXiwlVXtPBtJenozv2P+hxDsw9eA7Xo6g==",
      "requires": {
        "loose-envify": "^1.1.0",
        "scheduler": "^0.23.0"
      }
    },
    "react-particles": {
      "version": "2.9.3",
      "resolved": "https://registry.npmjs.org/react-particles/-/react-particles-2.9.3.tgz",
      "integrity": "sha512-MptmCrrBeugweBWLx7IZyxMc8t8Ok128ygzQA5uLIPPGfH+ecVz033fd8V8ktv/YOBMLof7asjA9m5XSm1iu6A==",
      "requires": {
        "fast-deep-equal": "^3.1.3",
        "tsparticles-engine": "^2.9.3"
      }
    },
    "scheduler": {
      "version": "0.23.0",
      "resolved": "https://registry.npmjs.org/scheduler/-/scheduler-0.23.0.tgz",
      "integrity": "sha512-CtuThmgHNg7zIZWAXi3AsyIzA3n4xx7aNyjwC2VJldO2LMVDhFK+63xGqq6CsJH4rTAt6/M+N4GhZiDYPx9eUw==",
      "requires": {
        "loose-envify": "^1.1.0"
      }
    },
    "source-map-js": {
      "version": "1.0.2",
      "resolved": "https://registry.npmjs.org/source-map-js/-/source-map-js-1.0.2.tgz",
      "integrity": "sha512-R0XvVJ9WusLiqTCEiGCmICCMplcCkIwwR11mOSD9CR5u+IXYdiseeEuXCVAjS54zqwkLcPNnmU4OeJ6tUrWhDw=="
    },
    "styled-jsx": {
      "version": "5.1.1",
      "resolved": "https://registry.npmjs.org/styled-jsx/-/styled-jsx-5.1.1.tgz",
      "integrity": "sha512-pW7uC1l4mBZ8ugbiZrcIsiIvVx1UmTfw7UkC3Um2tmfUq9Bhk8IiyEIPl6F8agHgjzku6j0xQEZbfA5uSgSaCw==",
      "requires": {
        "client-only": "0.0.1"
      }
    },
    "tslib": {
      "version": "2.4.1",
      "resolved": "https://registry.npmjs.org/tslib/-/tslib-2.4.1.tgz",
      "integrity": "sha512-tGyy4dAjRIEwI7BzsB0lynWgOpfqjUdq91XXAlIWD2OwKBH7oCl/GZG/HT4BOHrTlPMOASlMQ7veyTqpmRcrNA=="
    },
    "tsparticles": {
      "version": "2.9.3",
      "resolved": "https://registry.npmjs.org/tsparticles/-/tsparticles-2.9.3.tgz",
      "integrity": "sha512-9NB+zrmR3uaj/k0RZ8Awa4lhpq2PqYFR/jUhia/Z4tKwvNdIR4xkpd4NkkGn/xmqRFeN658xHxOE+yVU+y+XFA==",
      "requires": {
        "tsparticles-engine": "^2.9.3",
        "tsparticles-interaction-external-trail": "^2.9.3",
        "tsparticles-plugin-absorbers": "^2.9.3",
        "tsparticles-plugin-emitters": "^2.9.3",
        "tsparticles-slim": "^2.9.3",
        "tsparticles-updater-destroy": "^2.9.3",
        "tsparticles-updater-roll": "^2.9.3",
        "tsparticles-updater-tilt": "^2.9.3",
        "tsparticles-updater-twinkle": "^2.9.3",
        "tsparticles-updater-wobble": "^2.9.3"
      }
    },
    "tsparticles-engine": {
      "version": "2.9.3",
      "resolved": "https://registry.npmjs.org/tsparticles-engine/-/tsparticles-engine-2.9.3.tgz",
      "integrity": "sha512-iAD8LyRH//kx10fDMm6AfQV6dRHs1ZacUUHqVwfutcqM4x1IV2ygpjk0X87LKCnBxYeIMG78+tlxXpnpwUccOg=="
    },
    "tsparticles-interaction-external-attract": {
      "version": "2.9.3",
      "resolved": "https://registry.npmjs.org/tsparticles-interaction-external-attract/-/tsparticles-interaction-external-attract-2.9.3.tgz",
      "integrity": "sha512-iNAu0ECKLpUXQYJ84slBJjQVvvTW4S/8pqDylB+WCj52xh4xbhj0TxaaM4zpId9TUDCPd8F7GoTi2ZCDJKlodQ==",
      "requires": {
        "tsparticles-engine": "^2.9.3"
      }
    },
    "tsparticles-interaction-external-bounce": {
      "version": "2.9.3",
      "resolved": "https://registry.npmjs.org/tsparticles-interaction-external-bounce/-/tsparticles-interaction-external-bounce-2.9.3.tgz",
      "integrity": "sha512-RuZaqSXpanEpA0ETXArIzKAhR3E1fKOpLEJkUeDeZRNMYEmMZfh0JR/vQ2qSIR6r24z+DuIbhz0h+K6zu0lmvg==",
      "requires": {
        "tsparticles-engine": "^2.9.3"
      }
    },
    "tsparticles-interaction-external-bubble": {
      "version": "2.9.3",
      "resolved": "https://registry.npmjs.org/tsparticles-interaction-external-bubble/-/tsparticles-interaction-external-bubble-2.9.3.tgz",
      "integrity": "sha512-jMgCViRTydEm2Gks5BeJH4z7Qetnmideheipw5UKDlKghGSTHhm7R7LeOkcOWqJI5ul8yoSFi+uQfL85aIUFZw==",
      "requires": {
        "tsparticles-engine": "^2.9.3"
      }
    },
    "tsparticles-interaction-external-connect": {
      "version": "2.9.3",
      "resolved": "https://registry.npmjs.org/tsparticles-interaction-external-connect/-/tsparticles-interaction-external-connect-2.9.3.tgz",
      "integrity": "sha512-SCtYe29pDKUxxjyp0n6l1YrayynHyvDrnygGWGIYrAp/oUXtIUHjEotu3M5JkwnUMxHyGkMB1cK8wtmY3dIiUA==",
      "requires": {
        "tsparticles-engine": "^2.9.3"
      }
    },
    "tsparticles-interaction-external-grab": {
      "version": "2.9.3",
      "resolved": "https://registry.npmjs.org/tsparticles-interaction-external-grab/-/tsparticles-interaction-external-grab-2.9.3.tgz",
      "integrity": "sha512-424WCIR7guHPuSVzhqYXbUM4YS5cR/Tv6qpi5EeX/bSIdajZDSjmhin9HjBK219T9sedfdJnhioOsy42Wt1YbA==",
      "requires": {
        "tsparticles-engine": "^2.9.3"
      }
    },
    "tsparticles-interaction-external-pause": {
      "version": "2.9.3",
      "resolved": "https://registry.npmjs.org/tsparticles-interaction-external-pause/-/tsparticles-interaction-external-pause-2.9.3.tgz",
      "integrity": "sha512-idVup6nQ59W8FSyq+zg2zUlW5RKnq5cWua/mAKEZuQFrYV01HA22I9T8UyPcquxgtlPJX+0L/PfZlBjmr3qayw==",
      "requires": {
        "tsparticles-engine": "^2.9.3"
      }
    },
    "tsparticles-interaction-external-push": {
      "version": "2.9.3",
      "resolved": "https://registry.npmjs.org/tsparticles-interaction-external-push/-/tsparticles-interaction-external-push-2.9.3.tgz",
      "integrity": "sha512-KNWHJmAxFUpw2is6E3gMXNZ6VghEVxZEFx0if/PLALgGOTKVWiEyh/lyJ660Ftfec1m4oW/SI7gCR2r0BXjnpQ==",
      "requires": {
        "tsparticles-engine": "^2.9.3"
      }
    },
    "tsparticles-interaction-external-remove": {
      "version": "2.9.3",
      "resolved": "https://registry.npmjs.org/tsparticles-interaction-external-remove/-/tsparticles-interaction-external-remove-2.9.3.tgz",
      "integrity": "sha512-35XRqQe4cCCjRIFkvRvjsIVeUI7+i9nqUsX4bkxK9H6kv+GbC4lS98peGk6PNPetJn6yeJivkrP64VjPVGFEFQ==",
      "requires": {
        "tsparticles-engine": "^2.9.3"
      }
    },
    "tsparticles-interaction-external-repulse": {
      "version": "2.9.3",
      "resolved": "https://registry.npmjs.org/tsparticles-interaction-external-repulse/-/tsparticles-interaction-external-repulse-2.9.3.tgz",
      "integrity": "sha512-Q4A4n0Sl6tEWJVGvXhEr/x5PwsHfjCZfwfHhEF9CmzgSnVr75pQfNi09GlLvpjN63dPL4OAQVjBbceCkjcLtUw==",
      "requires": {
        "tsparticles-engine": "^2.9.3"
      }
    },
    "tsparticles-interaction-external-slow": {
      "version": "2.9.3",
      "resolved": "https://registry.npmjs.org/tsparticles-interaction-external-slow/-/tsparticles-interaction-external-slow-2.9.3.tgz",
      "integrity": "sha512-7mj2Yi8menOnr4FwkcZvjzffco71P+lmH+NkIuXyuLQmmYURloCpUQ03pONqSfdYF+DSnreanXtiM0N7dc9sfw==",
      "requires": {
        "tsparticles-engine": "^2.9.3"
      }
    },
    "tsparticles-interaction-external-trail": {
      "version": "2.9.3",
      "resolved": "https://registry.npmjs.org/tsparticles-interaction-external-trail/-/tsparticles-interaction-external-trail-2.9.3.tgz",
      "integrity": "sha512-BxmxfKxx7giWpp8ZWgfcO9MBI/BAYkhwr2QY3BGdk59jpp90Zxe7jNRSU5kMyhxOmD088F0B9lBEsu3L2G+VaQ==",
      "requires": {
        "tsparticles-engine": "^2.9.3"
      }
    },
    "tsparticles-interaction-particles-attract": {
      "version": "2.9.3",
      "resolved": "https://registry.npmjs.org/tsparticles-interaction-particles-attract/-/tsparticles-interaction-particles-attract-2.9.3.tgz",
      "integrity": "sha512-ceWxtHxKLvB2IGtCzvunmjVaUeHXUT8tVtHDlxz72M87ZngcFsBoGy69ZjFS+U1EC5BZHQDYOC6Eknvazd2UuQ==",
      "requires": {
        "tsparticles-engine": "^2.9.3"
      }
    },
    "tsparticles-interaction-particles-collisions": {
      "version": "2.9.3",
      "resolved": "https://registry.npmjs.org/tsparticles-interaction-particles-collisions/-/tsparticles-interaction-particles-collisions-2.9.3.tgz",
      "integrity": "sha512-7Wyf/XpgsklYgoB0dh+OHgY7IYhlgLRtHYryFMTodd36N6kWMwKo+6Mg5OvmbEeLQqU+hTUXiD2fjjzLMebKXw==",
      "requires": {
        "tsparticles-engine": "^2.9.3"
      }
    },
    "tsparticles-interaction-particles-links": {
      "version": "2.9.3",
      "resolved": "https://registry.npmjs.org/tsparticles-interaction-particles-links/-/tsparticles-interaction-particles-links-2.9.3.tgz",
      "integrity": "sha512-ZcsgvpNNi4ma6yy4XIubuBaLd9hI6J2SgIi7Pz3I2QfkSsGmJPDNdRoN1AuLLwbb5T80X2mVw0bomPFuW6zSMg==",
      "requires": {
        "tsparticles-engine": "^2.9.3"
      }
    },
    "tsparticles-move-base": {
      "version": "2.9.3",
      "resolved": "https://registry.npmjs.org/tsparticles-move-base/-/tsparticles-move-base-2.9.3.tgz",
      "integrity": "sha512-6/uO7N9HbVJokG8sjPF8YjJzkcnwELoZEkaiABX0mGxdICYCyjpjOdOfwF7UCf8Ctqh2/kxQjv4fk0Aj2Z3nag==",
      "requires": {
        "tsparticles-engine": "^2.9.3"
      }
    },
    "tsparticles-move-parallax": {
      "version": "2.9.3",
      "resolved": "https://registry.npmjs.org/tsparticles-move-parallax/-/tsparticles-move-parallax-2.9.3.tgz",
      "integrity": "sha512-uFqtEtCWabC7XZLZ7icIYYF9XB2XfedT8rjcLtyuBymQX8pfMJ5HUtd3ONI6Cik7I+BtqOfAkuZqTDcBTs7zlA==",
      "requires": {
        "tsparticles-engine": "^2.9.3"
      }
    },
    "tsparticles-particles.js": {
      "version": "2.9.3",
      "resolved": "https://registry.npmjs.org/tsparticles-particles.js/-/tsparticles-particles.js-2.9.3.tgz",
      "integrity": "sha512-UyAEoz3ZkjBXIwC4NRJWnD4KdntuZyIKlPDZOKWz8ZL9I8jEvlle9XdonDj5IsLAwySqIq7vom5OUeIrqXdxjQ==",
      "requires": {
        "tsparticles-engine": "^2.9.3"
      }
    },
    "tsparticles-plugin-absorbers": {
      "version": "2.9.3",
      "resolved": "https://registry.npmjs.org/tsparticles-plugin-absorbers/-/tsparticles-plugin-absorbers-2.9.3.tgz",
      "integrity": "sha512-K4AmBqEWqcC8aXc+TEmv2GHIlZ+b1jAPtuYr30j1rZbaMK7kbvjvVmZbDNM2RJyuBqkuAoV/e3DAOuH5YpBs7g==",
      "requires": {
        "tsparticles-engine": "^2.9.3"
      }
    },
    "tsparticles-plugin-easing-quad": {
      "version": "2.9.3",
      "resolved": "https://registry.npmjs.org/tsparticles-plugin-easing-quad/-/tsparticles-plugin-easing-quad-2.9.3.tgz",
      "integrity": "sha512-rttpIJSwhPFys/sAYuZSsw9rWCvnUZdX1ePU12eTgqcyIelBdiySs4LndCLIXnkuS+jMMSYw9BzTSGfNz+sZcQ==",
      "requires": {
        "tsparticles-engine": "^2.9.3"
      }
    },
    "tsparticles-plugin-emitters": {
      "version": "2.9.3",
      "resolved": "https://registry.npmjs.org/tsparticles-plugin-emitters/-/tsparticles-plugin-emitters-2.9.3.tgz",
      "integrity": "sha512-G0rs7lL9xjbFGkWr+XDsDpyghTjiHq7oPAZyUe0c/3p0JETwQgZ63/egluYU1p3uWJj34KjgjHD3GZqjyfI95Q==",
      "requires": {
        "tsparticles-engine": "^2.9.3"
      }
    },
    "tsparticles-shape-circle": {
      "version": "2.9.3",
      "resolved": "https://registry.npmjs.org/tsparticles-shape-circle/-/tsparticles-shape-circle-2.9.3.tgz",
      "integrity": "sha512-d+PjFELhoCzPf2G+XKIew3Ho/Ql2fHzY0TrrIKVHzHufqWdQCWrhxNri2v0POLJFkcIYqvFThxM23I/cyKPgQw==",
      "requires": {
        "tsparticles-engine": "^2.9.3"
      }
    },
    "tsparticles-shape-image": {
      "version": "2.9.3",
      "resolved": "https://registry.npmjs.org/tsparticles-shape-image/-/tsparticles-shape-image-2.9.3.tgz",
      "integrity": "sha512-yV3FAcqJ91EYG59OJ1SmShbogVs/uyk12u6LFTJnD2pmfdNwTeGpKMr3Cus5xJHQwJnFWufwkpOlBUxw55J/5g==",
      "requires": {
        "tsparticles-engine": "^2.9.3"
      }
    },
    "tsparticles-shape-line": {
      "version": "2.9.3",
      "resolved": "https://registry.npmjs.org/tsparticles-shape-line/-/tsparticles-shape-line-2.9.3.tgz",
      "integrity": "sha512-uREd1nJYTUzHrXh1FcdhCx5jA0hYtuJXyUiG3es9p3VyFM/f8ookGj8Ke/C48p90IOQMWuT9DyaEDnGs+hbcVQ==",
      "requires": {
        "tsparticles-engine": "^2.9.3"
      }
    },
    "tsparticles-shape-polygon": {
      "version": "2.9.3",
      "resolved": "https://registry.npmjs.org/tsparticles-shape-polygon/-/tsparticles-shape-polygon-2.9.3.tgz",
      "integrity": "sha512-qw580qr2VQveN1Q3kllhieW4GzB3t8fjlIRKZ0QG05npCG+ewBdXbD5G/9yfjGa1fTwCbHCfLoAFojjV15MBmg==",
      "requires": {
        "tsparticles-engine": "^2.9.3"
      }
    },
    "tsparticles-shape-square": {
      "version": "2.9.3",
      "resolved": "https://registry.npmjs.org/tsparticles-shape-square/-/tsparticles-shape-square-2.9.3.tgz",
      "integrity": "sha512-VjRNALTt34arsN2UAxaWa43gvdaQQbk7OluLB912u1UzLFbdCccE/sr7pjyLqYaf6F+ndnjnzVygNb/kRxX1uQ==",
      "requires": {
        "tsparticles-engine": "^2.9.3"
      }
    },
    "tsparticles-shape-star": {
      "version": "2.9.3",
      "resolved": "https://registry.npmjs.org/tsparticles-shape-star/-/tsparticles-shape-star-2.9.3.tgz",
      "integrity": "sha512-/nJdrHEq05dcVwLK+8i+QD3do+RNWrSvU1efVsOMzgLajH5s2mlSfyFcUSCQrmnmP7d6MpYZpbxa2KnpDSfW8g==",
      "requires": {
        "tsparticles-engine": "^2.9.3"
      }
    },
    "tsparticles-shape-text": {
      "version": "2.9.3",
      "resolved": "https://registry.npmjs.org/tsparticles-shape-text/-/tsparticles-shape-text-2.9.3.tgz",
      "integrity": "sha512-V9U8VE2am1JWabiHAhTzAg0uG8j92BnfwmgRfWjg/w4eMFF2uyyBHQDHIFzhZFDbDbqIxttXngkfivAqRdUzhw==",
      "requires": {
        "tsparticles-engine": "^2.9.3"
      }
    },
    "tsparticles-slim": {
      "version": "2.9.3",
      "resolved": "https://registry.npmjs.org/tsparticles-slim/-/tsparticles-slim-2.9.3.tgz",
      "integrity": "sha512-lq8qePcf/lQ5HezR/gpIDn4UJUp8G+33MB7GkhpwmpQpJyoteT5nlXkLxgaedGZFkZAoTKINuU9NUW1Ci6MX4w==",
      "requires": {
        "tsparticles-engine": "^2.9.3",
        "tsparticles-interaction-external-attract": "^2.9.3",
        "tsparticles-interaction-external-bounce": "^2.9.3",
        "tsparticles-interaction-external-bubble": "^2.9.3",
        "tsparticles-interaction-external-connect": "^2.9.3",
        "tsparticles-interaction-external-grab": "^2.9.3",
        "tsparticles-interaction-external-pause": "^2.9.3",
        "tsparticles-interaction-external-push": "^2.9.3",
        "tsparticles-interaction-external-remove": "^2.9.3",
        "tsparticles-interaction-external-repulse": "^2.9.3",
        "tsparticles-interaction-external-slow": "^2.9.3",
        "tsparticles-interaction-particles-attract": "^2.9.3",
        "tsparticles-interaction-particles-collisions": "^2.9.3",
        "tsparticles-interaction-particles-links": "^2.9.3",
        "tsparticles-move-base": "^2.9.3",
        "tsparticles-move-parallax": "^2.9.3",
        "tsparticles-particles.js": "^2.9.3",
        "tsparticles-plugin-easing-quad": "^2.9.3",
        "tsparticles-shape-circle": "^2.9.3",
        "tsparticles-shape-image": "^2.9.3",
        "tsparticles-shape-line": "^2.9.3",
        "tsparticles-shape-polygon": "^2.9.3",
        "tsparticles-shape-square": "^2.9.3",
        "tsparticles-shape-star": "^2.9.3",
        "tsparticles-shape-text": "^2.9.3",
        "tsparticles-updater-angle": "^2.9.3",
        "tsparticles-updater-color": "^2.9.3",
        "tsparticles-updater-life": "^2.9.3",
        "tsparticles-updater-opacity": "^2.9.3",
        "tsparticles-updater-out-modes": "^2.9.3",
        "tsparticles-updater-size": "^2.9.3",
        "tsparticles-updater-stroke-color": "^2.9.3"
      }
    },
    "tsparticles-updater-angle": {
      "version": "2.9.3",
      "resolved": "https://registry.npmjs.org/tsparticles-updater-angle/-/tsparticles-updater-angle-2.9.3.tgz",
      "integrity": "sha512-Z8VLOw2UUxrvV3YH44My5kmeBUcJUHTSCMRUIqFvgvxDs0Q/g2eVWkr1L+Crpw6PE5FJMdDGWRjWwxMwNdVfuQ==",
      "requires": {
        "tsparticles-engine": "^2.9.3"
      }
    },
    "tsparticles-updater-color": {
      "version": "2.9.3",
      "resolved": "https://registry.npmjs.org/tsparticles-updater-color/-/tsparticles-updater-color-2.9.3.tgz",
      "integrity": "sha512-eBJ7ZNsG3uCQlpfEf2FocsHLlMnd/vgWPZtOr2Iu7KA2OR3zy7u62D/oiRZkZEWtjhh5GlPrsy7njo6oToRBNQ==",
      "requires": {
        "tsparticles-engine": "^2.9.3"
      }
    },
    "tsparticles-updater-destroy": {
      "version": "2.9.3",
      "resolved": "https://registry.npmjs.org/tsparticles-updater-destroy/-/tsparticles-updater-destroy-2.9.3.tgz",
      "integrity": "sha512-SRgFISarsLpNz/gnMvkCFV2uITpwkUX5Fva34DVWHK6glY0053x2uvtUQluwHfp6DIJAueRMRhZ0dmzVltdOLw==",
      "requires": {
        "tsparticles-engine": "^2.9.3"
      }
    },
    "tsparticles-updater-life": {
      "version": "2.9.3",
      "resolved": "https://registry.npmjs.org/tsparticles-updater-life/-/tsparticles-updater-life-2.9.3.tgz",
      "integrity": "sha512-VUeWBCLKoLd69+C9CFHjVG0SaqCbMgQqag6NIGMqTmaaZNFcn1H8rheIG9NU70UOTsYRMPfwmZK1SKnqAK6jQQ==",
      "requires": {
        "tsparticles-engine": "^2.9.3"
      }
    },
    "tsparticles-updater-opacity": {
      "version": "2.9.3",
      "resolved": "https://registry.npmjs.org/tsparticles-updater-opacity/-/tsparticles-updater-opacity-2.9.3.tgz",
      "integrity": "sha512-ON5t2qeegnm+MsmaF6ZvhUmKLzk/zXozsw9Dsgw8iJYX8WmQmp2VC72COTzADW495ovwGjBiR1KFelM/GVfHgg==",
      "requires": {
        "tsparticles-engine": "^2.9.3"
      }
    },
    "tsparticles-updater-out-modes": {
      "version": "2.9.3",
      "resolved": "https://registry.npmjs.org/tsparticles-updater-out-modes/-/tsparticles-updater-out-modes-2.9.3.tgz",
      "integrity": "sha512-LEcAIeK8b3ovLGuuTob1L3o57XodqRuvDjtUT2TiNIC6cf3QMAnqujwAyvBLJrYAuwr7rG1fXEEt9tovFYg+tw==",
      "requires": {
        "tsparticles-engine": "^2.9.3"
      }
    },
    "tsparticles-updater-roll": {
      "version": "2.9.3",
      "resolved": "https://registry.npmjs.org/tsparticles-updater-roll/-/tsparticles-updater-roll-2.9.3.tgz",
      "integrity": "sha512-I/9vB1wA3RKwfeRPlw7nrxUW8uxcajwba+gxFEcIDx2C+OA2UVIuGzOQE59O2sppqLqwrcLOm3ayTt5se1qbpw==",
      "requires": {
        "tsparticles-engine": "^2.9.3"
      }
    },
    "tsparticles-updater-size": {
      "version": "2.9.3",
      "resolved": "https://registry.npmjs.org/tsparticles-updater-size/-/tsparticles-updater-size-2.9.3.tgz",
      "integrity": "sha512-6qQ8T+7wt/B4BD5K1LWEXrfan+h2utSY1zNhE1cTcAQUDrrU06g/tfMkbrpMdduu6RWwGtoC4OsciCnBuiLEYQ==",
      "requires": {
        "tsparticles-engine": "^2.9.3"
      }
    },
    "tsparticles-updater-stroke-color": {
      "version": "2.9.3",
      "resolved": "https://registry.npmjs.org/tsparticles-updater-stroke-color/-/tsparticles-updater-stroke-color-2.9.3.tgz",
      "integrity": "sha512-zEjn8vLeoGsP0kPEg0L65wwhm7c5s7QD5cWeSz0mJVibwpV+C16K20kcSjkI57QUMAFQXwgGJ9M0grgCQsiawA==",
      "requires": {
        "tsparticles-engine": "^2.9.3"
      }
    },
    "tsparticles-updater-tilt": {
      "version": "2.9.3",
      "resolved": "https://registry.npmjs.org/tsparticles-updater-tilt/-/tsparticles-updater-tilt-2.9.3.tgz",
      "integrity": "sha512-x1EDyvBfqgBh1021lohf2shn+V6U9WhMasGD+fKugwRxNZ0nAe5DK0wop/26L2MUIb+AbIg2sXPdxuv1zE7G7w==",
      "requires": {
        "tsparticles-engine": "^2.9.3"
      }
    },
    "tsparticles-updater-twinkle": {
      "version": "2.9.3",
      "resolved": "https://registry.npmjs.org/tsparticles-updater-twinkle/-/tsparticles-updater-twinkle-2.9.3.tgz",
      "integrity": "sha512-IHxKAYBRpBiOBtU/8Wh1wv8wCQa2dC5K+LPjDw3JTyzPmPnskjGiHXiPyZTbHPdAqrSQ29jJCfJwn0HAIqEjwQ==",
      "requires": {
        "tsparticles-engine": "^2.9.3"
      }
    },
    "tsparticles-updater-wobble": {
      "version": "2.9.3",
      "resolved": "https://registry.npmjs.org/tsparticles-updater-wobble/-/tsparticles-updater-wobble-2.9.3.tgz",
      "integrity": "sha512-/Doid0P/OjaO9cUzD/Z3j0GNA+8X3DUvVsOo/5mPt914PJBbcWYGpweE8u75ZPcHe9OM5u6CHFMf3PMurCEBCw==",
      "requires": {
        "tsparticles-engine": "^2.9.3"
      }
    }
  }
}
